<?xml version="1.0" encoding="utf-8"?>
<Project ToolsVersion="4.0" xmlns="http://schemas.microsoft.com/developer/msbuild/2003">
  <ItemGroup>
    <Filter Include="Source Files">
      <UniqueIdentifier>{927181fd-a296-455a-9b2b-96094785d8ec}</UniqueIdentifier>
      <Extensions>cpp;c;cxx;rc;def;r;odl;idl;hpj;bat</Extensions>
    </Filter>
    <Filter Include="Header Files">
      <UniqueIdentifier>{d11735f5-d818-453c-b647-92b14c5f96cc}</UniqueIdentifier>
      <Extensions>h;hpp;hxx;hm;inl</Extensions>
    </Filter>
    <Filter Include="Resource Files">
      <UniqueIdentifier>{defce271-5e22-4188-a718-97dcd44d8655}</UniqueIdentifier>
      <Extensions>ico;cur;bmp;dlg;rc2;rct;bin;rgs;gif;jpg;jpeg;jpe</Extensions>
    </Filter>
    <Filter Include="D3D">
      <UniqueIdentifier>{ae3de7f8-d614-469f-83d3-9f49da698565}</UniqueIdentifier>
    </Filter>
  </ItemGroup>
  <ItemGroup>
    <ClCompile Include="..\CommonGameServer\AtumDateTime.cpp">
      <Filter>Source Files</Filter>
    </ClCompile>
    <ClCompile Include="..\CommonGameServer\AtumDBHelper.cpp">
      <Filter>Source Files</Filter>
    </ClCompile>
    <ClCompile Include="..\CommonGameServer\AtumDBManager.cpp">
      <Filter>Source Files</Filter>
    </ClCompile>
    <ClCompile Include="Main\AtumNode.cpp">
      <Filter>Source Files</Filter>
    </ClCompile>
    <ClCompile Include="..\CommonGameServer\AtumParamProtocol.cpp">
      <Filter>Source Files</Filter>
    </ClCompile>
    <ClCompile Include="..\CommonGameServer\AtumParamProtocolFunctions.cpp">
      <Filter>Source Files</Filter>
    </ClCompile>
    <ClCompile Include="..\CommonGameServer\AtumSJ.cpp">
      <Filter>Source Files</Filter>
    </ClCompile>
    <ClCompile Include="..\CommonGameServer\AtumThread.cpp">
      <Filter>Source Files</Filter>
    </ClCompile>
    <ClCompile Include="..\CommonGameServer\Config.cpp">
      <Filter>Source Files</Filter>
    </ClCompile>
    <ClCompile Include="..\CommonGameServer\GameDataLast.cpp">
      <Filter>Source Files</Filter>
    </ClCompile>
    <ClCompile Include="..\..\Common\Global.cpp">
      <Filter>Source Files</Filter>
    </ClCompile>
    <ClCompile Include="..\CommonGameServer\GlobalGameServer.cpp">
      <Filter>Source Files</Filter>
    </ClCompile>
    <ClCompile Include="..\CommonGameServer\HPAction.cpp">
      <Filter>Source Files</Filter>
    </ClCompile>
    <ClCompile Include="..\..\Common\IOCP.cpp">
      <Filter>Source Files</Filter>
    </ClCompile>
    <ClCompile Include="..\..\Common\IOCPSocket.cpp">
      <Filter>Source Files</Filter>
    </ClCompile>
    <ClCompile Include="..\CommonGameServer\Localization.cpp">
      <Filter>Source Files</Filter>
    </ClCompile>
    <ClCompile Include="..\CommonGameServer\MapBlock.cpp">
      <Filter>Source Files</Filter>
    </ClCompile>
    <ClCompile Include="..\CommonGameServer\MapChannel.cpp">
      <Filter>Source Files</Filter>
    </ClCompile>
    <ClCompile Include="..\CommonGameServer\MapProject.cpp">
      <Filter>Source Files</Filter>
    </ClCompile>
    <ClCompile Include="..\CommonGameServer\MapWorkspace.cpp">
      <Filter>Source Files</Filter>
    </ClCompile>
    <ClCompile Include="..\..\Common\md5_lib_src.cpp">
      <Filter>Source Files</Filter>
    </ClCompile>
    <ClCompile Include="..\CommonGameServer\Monster.cpp">
      <Filter>Source Files</Filter>
    </ClCompile>
    <ClCompile Include="..\CommonGameServer\MonsterDBAccess.cpp">
      <Filter>Source Files</Filter>
    </ClCompile>
    <ClCompile Include="..\..\Common\MTAutoCriticalSection.cpp">
      <Filter>Source Files</Filter>
    </ClCompile>
    <ClCompile Include="..\..\Common\MTCriticalSection.cpp">
      <Filter>Source Files</Filter>
    </ClCompile>
    <ClCompile Include="main\N2FSocket.cpp">
      <Filter>Source Files</Filter>
    </ClCompile>
    <ClCompile Include="Main\NPCGlobal.cpp">
      <Filter>Source Files</Filter>
    </ClCompile>
    <ClCompile Include="main\NPCIOCP.cpp">
      <Filter>Source Files</Filter>
    </ClCompile>
    <ClCompile Include="main\NPCIOCPSocket.cpp">
      <Filter>Source Files</Filter>
    </ClCompile>
    <ClCompile Include="Main\NPCMapChannel.cpp">
      <Filter>Source Files</Filter>
    </ClCompile>
    <ClCompile Include="main\NPCMapProject.cpp">
      <Filter>Source Files</Filter>
    </ClCompile>
    <ClCompile Include="main\NPCMapWorkspace.cpp">
      <Filter>Source Files</Filter>
    </ClCompile>
    <ClCompile Include="Main\NPCMonster.cpp">
      <Filter>Source Files</Filter>
    </ClCompile>
    <ClCompile Include="NPCServer.cpp">
      <Filter>Source Files</Filter>
    </ClCompile>
    <ClCompile Include="NPCSkillManager.cpp">
      <Filter>Source Files</Filter>
    </ClCompile>
    <ClCompile Include="Main\NPCTickManager.cpp">
      <Filter>Source Files</Filter>
    </ClCompile>
    <ClCompile Include="..\CommonGameServer\ODBCStatement.cpp">
      <Filter>Source Files</Filter>
    </ClCompile>
    <ClCompile Include="..\..\Common\Overlapped.cpp">
      <Filter>Source Files</Filter>
    </ClCompile>
    <ClCompile Include="..\..\Common\QueueINT.cpp">
      <Filter>Source Files</Filter>
    </ClCompile>
    <ClCompile Include="..\..\Common\sha256.cpp">
      <Filter>Source Files</Filter>
    </ClCompile>
    <ClCompile Include="Main\SkinnedMesh.cpp">
      <Filter>Source Files</Filter>
    </ClCompile>
    <ClCompile Include="..\..\Common\SocketHeader.cpp">
      <Filter>Source Files</Filter>
    </ClCompile>
    <ClCompile Include="StdAfx.cpp">
      <Filter>Source Files</Filter>
    </ClCompile>
    <ClCompile Include="..\..\Common\SystemLogManager.cpp">
      <Filter>Source Files</Filter>
    </ClCompile>
    <ClCompile Include="..\..\Common\ThreadCheck.cpp">
      <Filter>Source Files</Filter>
    </ClCompile>
    <ClCompile Include="..\CommonGameServer\TickManager.cpp">
      <Filter>Source Files</Filter>
    </ClCompile>
    <ClCompile Include="..\..\Common\VMem.cpp">
      <Filter>Source Files</Filter>
    </ClCompile>
    <ClCompile Include="..\..\Common\VMemPool.cpp">
      <Filter>Source Files</Filter>
    </ClCompile>
    <ClCompile Include="..\CommonGameServer\WayPointManager.cpp">
      <Filter>Source Files</Filter>
    </ClCompile>
    <ClCompile Include="..\..\Common\WinPacket.cpp">
      <Filter>Source Files</Filter>
    </ClCompile>
    <ClCompile Include="..\..\Common\WinSocket.cpp">
      <Filter>Source Files</Filter>
    </ClCompile>
    <ClCompile Include="..\..\Common\XOR_Lib.cpp">
      <Filter>Source Files</Filter>
    </ClCompile>
    <ClCompile Include="D3D\src\d3dapp.cpp">
      <Filter>D3D</Filter>
    </ClCompile>
    <ClCompile Include="D3D\src\d3dutil.cpp">
      <Filter>D3D</Filter>
    </ClCompile>
    <ClCompile Include="D3D\src\dxutil.cpp">
      <Filter>D3D</Filter>
    </ClCompile>
  </ItemGroup>
  <ItemGroup>
    <ResourceCompile Include="NPCServer.rc">
      <Filter>Source Files</Filter>
    </ResourceCompile>
  </ItemGroup>
  <ItemGroup>
    <ClInclude Include="Main\AtumNode.h">
      <Filter>Header Files</Filter>
    </ClInclude>
    <ClInclude Include="..\CommonGameServer\AtumParam.h">
      <Filter>Header Files</Filter>
    </ClInclude>
    <ClInclude Include="..\CommonGameServer\AtumProtocol.h">
      <Filter>Header Files</Filter>
    </ClInclude>
    <ClInclude Include="..\CommonGameServer\Config.h">
      <Filter>Header Files</Filter>
    </ClInclude>
    <ClInclude Include="..\..\Common\DebugAssert.h">
      <Filter>Header Files</Filter>
    </ClInclude>
    <ClInclude Include="..\CommonGameServer\GameDataLast.h">
      <Filter>Header Files</Filter>
    </ClInclude>
    <ClInclude Include="..\CommonGameServer\GeneralArray.h">
      <Filter>Header Files</Filter>
    </ClInclude>
    <ClInclude Include="..\CommonGameServer\HPAction.h">
      <Filter>Header Files</Filter>
    </ClInclude>
    <ClInclude Include="..\..\Common\IOCP.h">
      <Filter>Header Files</Filter>
    </ClInclude>
    <ClInclude Include="..\..\Common\IOCPSocket.h">
      <Filter>Header Files</Filter>
    </ClInclude>
    <ClInclude Include="..\CommonGameServer\MapBlock.h">
      <Filter>Header Files</Filter>
    </ClInclude>
    <ClInclude Include="..\CommonGameServer\MapChannel.h">
      <Filter>Header Files</Filter>
    </ClInclude>
    <ClInclude Include="..\CommonGameServer\MapProject.h">
      <Filter>Header Files</Filter>
    </ClInclude>
    <ClInclude Include="..\CommonGameServer\MapWorkspace.h">
      <Filter>Header Files</Filter>
    </ClInclude>
    <ClInclude Include="..\CommonGameServer\Monster.h">
      <Filter>Header Files</Filter>
    </ClInclude>
    <ClInclude Include="..\CommonGameServer\MonsterDBAccess.h">
      <Filter>Header Files</Filter>
    </ClInclude>
    <ClInclude Include="..\..\Common\MTAutoCriticalSection.h">
      <Filter>Header Files</Filter>
    </ClInclude>
    <ClInclude Include="main\N2FSocket.h">
      <Filter>Header Files</Filter>
    </ClInclude>
    <ClInclude Include="Main\NPCGlobal.h">
      <Filter>Header Files</Filter>
    </ClInclude>
    <ClInclude Include="main\NPCIOCP.h">
      <Filter>Header Files</Filter>
    </ClInclude>
    <ClInclude Include="main\NPCIOCPSocket.h">
      <Filter>Header Files</Filter>
    </ClInclude>
    <ClInclude Include="Main\NPCMapChannel.h">
      <Filter>Header Files</Filter>
    </ClInclude>
    <ClInclude Include="main\NPCMapProject.h">
      <Filter>Header Files</Filter>
    </ClInclude>
    <ClInclude Include="main\NPCMapWorkspace.h">
      <Filter>Header Files</Filter>
    </ClInclude>
    <ClInclude Include="Main\NPCMonster.h">
      <Filter>Header Files</Filter>
    </ClInclude>
    <ClInclude Include="NPCServer.h">
      <Filter>Header Files</Filter>
    </ClInclude>
    <ClInclude Include="NPCSkillManager.h">
      <Filter>Header Files</Filter>
    </ClInclude>
    <ClInclude Include="Main\NPCTickManager.h">
      <Filter>Header Files</Filter>
    </ClInclude>
    <ClInclude Include="..\CommonGameServer\ODBCStatement.h">
      <Filter>Header Files</Filter>
    </ClInclude>
    <ClInclude Include="resource.h">
      <Filter>Header Files</Filter>
    </ClInclude>
    <ClInclude Include="Main\SkinnedMesh.h">
      <Filter>Header Files</Filter>
    </ClInclude>
    <ClInclude Include="StdAfx.h">
      <Filter>Header Files</Filter>
    </ClInclude>
    <ClInclude Include="..\..\Common\SystemLogManager.h">
      <Filter>Header Files</Filter>
    </ClInclude>
    <ClInclude Include="..\CommonGameServer\WayPointManager.h">
      <Filter>Header Files</Filter>
    </ClInclude>
    <ClInclude Include="..\..\Common\WinPacket.h">
      <Filter>Header Files</Filter>
    </ClInclude>
    <ClInclude Include="D3D\include\d3dapp.h">
      <Filter>D3D</Filter>
    </ClInclude>
  </ItemGroup>
  <ItemGroup>
    <Image Include="NPCServer.ico">
      <Filter>Resource Files</Filter>
    </Image>
    <Image Include="small.ico">
      <Filter>Resource Files</Filter>
    </Image>
  </ItemGroup>
  <ItemGroup>
    <Text Include="NPCServerModifyList.txt" />
    <Text Include="ReadMe.txt" />
  </ItemGroup>
  <ItemGroup>
    <CustomBuild Include="cursor1.cur">
      <Filter>Resource Files</Filter>
    </CustomBuild>
  </ItemGroup>
</Project>