<?xml version="1.0" encoding="utf-8"?>
<Project ToolsVersion="4.0" xmlns="http://schemas.microsoft.com/developer/msbuild/2003">
  <ItemGroup>
    <Filter Include="Source Files">
      <UniqueIdentifier>{23f5cc83-db59-4e4f-ac94-3eceaae2015b}</UniqueIdentifier>
      <Extensions>cpp;c;cxx;rc;def;r;odl;idl;hpj;bat</Extensions>
    </Filter>
    <Filter Include="Source Files\Common">
      <UniqueIdentifier>{b1f0333c-b740-4b71-9adb-691ef3f84a3f}</UniqueIdentifier>
    </Filter>
    <Filter Include="Source Files\CommonGameServer">
      <UniqueIdentifier>{e4c0c045-5bea-4918-86e9-f603c37dd949}</UniqueIdentifier>
    </Filter>
    <Filter Include="Header Files">
      <UniqueIdentifier>{13f5f7f2-71e0-46f9-bfe5-faececf0eede}</UniqueIdentifier>
      <Extensions>h;hpp;hxx;hm;inl</Extensions>
    </Filter>
    <Filter Include="Resource Files">
      <UniqueIdentifier>{c187dfbb-464b-4ffe-8495-00d4e2660d7d}</UniqueIdentifier>
      <Extensions>ico;cur;bmp;dlg;rc2;rct;bin;rgs;gif;jpg;jpeg;jpe</Extensions>
    </Filter>
  </ItemGroup>
  <ItemGroup>
    <ClCompile Include="..\..\Common\Global.cpp">
      <Filter>Source Files\Common</Filter>
    </ClCompile>
    <ClCompile Include="..\..\Common\IOCP.cpp">
      <Filter>Source Files\Common</Filter>
    </ClCompile>
    <ClCompile Include="..\..\Common\IOCPSocket.cpp">
      <Filter>Source Files\Common</Filter>
    </ClCompile>
    <ClCompile Include="..\..\Common\md5_lib_src.cpp">
      <Filter>Source Files\Common</Filter>
    </ClCompile>
    <ClCompile Include="..\..\Common\Overlapped.cpp">
      <Filter>Source Files\Common</Filter>
    </ClCompile>
    <ClCompile Include="..\..\Common\SocketHeader.cpp">
      <Filter>Source Files\Common</Filter>
    </ClCompile>
    <ClCompile Include="..\..\Common\SystemLogManager.cpp">
      <Filter>Source Files\Common</Filter>
    </ClCompile>
    <ClCompile Include="..\..\Common\ThreadCheck.cpp">
      <Filter>Source Files\Common</Filter>
    </ClCompile>
    <ClCompile Include="..\..\Common\VMem.cpp">
      <Filter>Source Files\Common</Filter>
    </ClCompile>
    <ClCompile Include="..\..\Common\VMemPool.cpp">
      <Filter>Source Files\Common</Filter>
    </ClCompile>
    <ClCompile Include="..\..\Common\WinPacket.cpp">
      <Filter>Source Files\Common</Filter>
    </ClCompile>
    <ClCompile Include="..\..\Common\WinSocket.cpp">
      <Filter>Source Files\Common</Filter>
    </ClCompile>
    <ClCompile Include="..\CommonGameServer\Config.cpp">
      <Filter>Source Files\CommonGameServer</Filter>
    </ClCompile>
    <ClCompile Include="..\CommonGameServer\GlobalGameServer.cpp">
      <Filter>Source Files\CommonGameServer</Filter>
    </ClCompile>
    <ClCompile Include="..\CommonGameServer\WayPointManager.cpp">
      <Filter>Source Files\CommonGameServer</Filter>
    </ClCompile>
    <ClCompile Include="main\AtumAuthenticationDBManager.cpp">
      <Filter>Source Files</Filter>
    </ClCompile>
    <ClCompile Include="..\CommonGameServer\AtumDateTime.cpp">
      <Filter>Source Files</Filter>
    </ClCompile>
    <ClCompile Include="..\CommonGameServer\AtumDBHelper.cpp">
      <Filter>Source Files</Filter>
    </ClCompile>
    <ClCompile Include="..\CommonGameServer\AtumDBManager.cpp">
      <Filter>Source Files</Filter>
    </ClCompile>
    <ClCompile Include="..\CommonGameServer\AtumParamProtocol.cpp">
      <Filter>Source Files</Filter>
    </ClCompile>
    <ClCompile Include="..\CommonGameServer\AtumParamProtocolFunctions.cpp">
      <Filter>Source Files</Filter>
    </ClCompile>
    <ClCompile Include="..\CommonGameServer\AtumSJ.cpp">
      <Filter>Source Files</Filter>
    </ClCompile>
    <ClCompile Include="..\CommonGameServer\AtumThread.cpp">
      <Filter>Source Files</Filter>
    </ClCompile>
    <ClCompile Include="Main\AuthenticationGlobal.cpp">
      <Filter>Source Files</Filter>
    </ClCompile>
    <ClCompile Include="main\AuthenticationIOCP.cpp">
      <Filter>Source Files</Filter>
    </ClCompile>
    <ClCompile Include="main\AuthenticationIOCPSocket.cpp">
      <Filter>Source Files</Filter>
    </ClCompile>
    <ClCompile Include="AuthenticationServer.cpp">
      <Filter>Source Files</Filter>
    </ClCompile>
    <ClCompile Include="Main\AuthenticationTickManager.cpp">
      <Filter>Source Files</Filter>
    </ClCompile>
    <ClCompile Include="..\CommonGameServer\Localization.cpp">
      <Filter>Source Files</Filter>
    </ClCompile>
    <ClCompile Include="..\..\Common\MTAutoCriticalSection.cpp">
      <Filter>Source Files</Filter>
    </ClCompile>
    <ClCompile Include="..\..\Common\MTCriticalSection.cpp">
      <Filter>Source Files</Filter>
    </ClCompile>
    <ClCompile Include="..\CommonGameServer\ODBCStatement.cpp">
      <Filter>Source Files</Filter>
    </ClCompile>
    <ClCompile Include="..\..\Common\QueueINT.cpp">
      <Filter>Source Files</Filter>
    </ClCompile>
    <ClCompile Include="..\..\Common\sha256.cpp">
      <Filter>Source Files</Filter>
    </ClCompile>
    <ClCompile Include="StdAfx.cpp">
      <Filter>Source Files</Filter>
    </ClCompile>
    <ClCompile Include="..\CommonGameServer\TickManager.cpp">
      <Filter>Source Files</Filter>
    </ClCompile>
    <ClCompile Include="..\..\Common\XOR_Lib.cpp">
      <Filter>Source Files</Filter>
    </ClCompile>
  </ItemGroup>
  <ItemGroup>
    <ResourceCompile Include="AuthenticationServer.rc">
      <Filter>Source Files</Filter>
    </ResourceCompile>
  </ItemGroup>
  <ItemGroup>
    <ClInclude Include="main\AtumAuthenticationDBManager.h">
      <Filter>Header Files</Filter>
    </ClInclude>
    <ClInclude Include="..\CommonGameServer\AtumDBHelper.h">
      <Filter>Header Files</Filter>
    </ClInclude>
    <ClInclude Include="..\CommonGameServer\AtumDBManager.h">
      <Filter>Header Files</Filter>
    </ClInclude>
    <ClInclude Include="..\CommonGameServer\AtumParam.h">
      <Filter>Header Files</Filter>
    </ClInclude>
    <ClInclude Include="..\CommonGameServer\AtumProtocol.h">
      <Filter>Header Files</Filter>
    </ClInclude>
    <ClInclude Include="..\CommonGameServer\AtumThread.h">
      <Filter>Header Files</Filter>
    </ClInclude>
    <ClInclude Include="..\CommonGameServer\AtumTimer.h">
      <Filter>Header Files</Filter>
    </ClInclude>
    <ClInclude Include="Main\AuthenticationGlobal.h">
      <Filter>Header Files</Filter>
    </ClInclude>
    <ClInclude Include="main\AuthenticationIOCP.h">
      <Filter>Header Files</Filter>
    </ClInclude>
    <ClInclude Include="main\AuthenticationIOCPSocket.h">
      <Filter>Header Files</Filter>
    </ClInclude>
    <ClInclude Include="AuthenticationServer.h">
      <Filter>Header Files</Filter>
    </ClInclude>
    <ClInclude Include="Main\AuthenticationTickManager.h">
      <Filter>Header Files</Filter>
    </ClInclude>
    <ClInclude Include="..\CommonGameServer\Config.h">
      <Filter>Header Files</Filter>
    </ClInclude>
    <ClInclude Include="..\..\Common\DefineGlobal.h">
      <Filter>Header Files</Filter>
    </ClInclude>
    <ClInclude Include="..\..\Common\Global.h">
      <Filter>Header Files</Filter>
    </ClInclude>
    <ClInclude Include="..\CommonGameServer\GlobalGameServer.h">
      <Filter>Header Files</Filter>
    </ClInclude>
    <ClInclude Include="..\..\Common\IOCP.h">
      <Filter>Header Files</Filter>
    </ClInclude>
    <ClInclude Include="..\..\Common\IOCPSocket.h">
      <Filter>Header Files</Filter>
    </ClInclude>
    <ClInclude Include="..\..\Common\md5_lib_src.h">
      <Filter>Header Files</Filter>
    </ClInclude>
    <ClInclude Include="..\..\Common\MTAutoCriticalSection.h">
      <Filter>Header Files</Filter>
    </ClInclude>
    <ClInclude Include="..\CommonGameServer\ODBCStatement.h">
      <Filter>Header Files</Filter>
    </ClInclude>
    <ClInclude Include="..\..\Common\Overlapped.h">
      <Filter>Header Files</Filter>
    </ClInclude>
    <ClInclude Include="..\..\Common\QueueINT.h">
      <Filter>Header Files</Filter>
    </ClInclude>
    <ClInclude Include="resource.h">
      <Filter>Header Files</Filter>
    </ClInclude>
    <ClInclude Include="..\..\Common\SocketHeader.h">
      <Filter>Header Files</Filter>
    </ClInclude>
    <ClInclude Include="StdAfx.h">
      <Filter>Header Files</Filter>
    </ClInclude>
    <ClInclude Include="..\..\Common\stopwatch.h">
      <Filter>Header Files</Filter>
    </ClInclude>
    <ClInclude Include="..\CommonGameServer\TickManager.h">
      <Filter>Header Files</Filter>
    </ClInclude>
    <ClInclude Include="..\..\Common\WinPacket.h">
      <Filter>Header Files</Filter>
    </ClInclude>
    <ClInclude Include="..\..\Common\WinSocket.h">
      <Filter>Header Files</Filter>
    </ClInclude>
  </ItemGroup>
  <ItemGroup>
    <Image Include="AuthenticationServer.ico">
      <Filter>Resource Files</Filter>
    </Image>
    <Image Include="small.ico">
      <Filter>Resource Files</Filter>
    </Image>
  </ItemGroup>
  <ItemGroup>
    <Text Include="AuthenticationServerModifyList.txt" />
    <Text Include="ReadMe.txt" />
  </ItemGroup>
</Project>