<?xml version="1.0" encoding="utf-8"?>
<Project ToolsVersion="4.0" xmlns="http://schemas.microsoft.com/developer/msbuild/2003">
  <ItemGroup>
    <Filter Include="Source Files">
      <UniqueIdentifier>{5d53d179-3f4a-42d8-9b5e-b3c7fa292a6d}</UniqueIdentifier>
      <Extensions>cpp;c;cxx;rc;def;r;odl;idl;hpj;bat</Extensions>
    </Filter>
    <Filter Include="Header Files">
      <UniqueIdentifier>{708fc3df-9dbc-4422-9b67-c1f059a27dcd}</UniqueIdentifier>
      <Extensions>h;hpp;hxx;hm;inl</Extensions>
    </Filter>
    <Filter Include="Resource Files">
      <UniqueIdentifier>{e0504e87-9545-4a9a-ae86-bce08048e641}</UniqueIdentifier>
      <Extensions>ico;cur;bmp;dlg;rc2;rct;bin;rgs;gif;jpg;jpeg;jpe</Extensions>
    </Filter>
  </ItemGroup>
  <ItemGroup>
    <ClCompile Include="AllGuildItemManager.cpp">
      <Filter>Source Files</Filter>
    </ClCompile>
    <ClCompile Include="..\CommonGameServer\Security\ApexProxy.cpp">
      <Filter>Source Files</Filter>
    </ClCompile>
    <ClCompile Include="ArenaDeathMatchRoom.cpp">
      <Filter>Source Files</Filter>
    </ClCompile>
    <ClCompile Include="ArenaFieldWinSocket.cpp">
      <Filter>Source Files</Filter>
    </ClCompile>
    <ClCompile Include="ArenaManager.cpp">
      <Filter>Source Files</Filter>
    </ClCompile>
    <ClCompile Include="ArenaTeam.cpp">
      <Filter>Source Files</Filter>
    </ClCompile>
    <ClCompile Include="ArenaTickManager.cpp">
      <Filter>Source Files</Filter>
    </ClCompile>
    <ClCompile Include="..\CommonGameServer\AtumDateTime.cpp">
      <Filter>Source Files</Filter>
    </ClCompile>
    <ClCompile Include="..\CommonGameServer\AtumDBHelper.cpp">
      <Filter>Source Files</Filter>
    </ClCompile>
    <ClCompile Include="..\CommonGameServer\AtumDBManager.cpp">
      <Filter>Source Files</Filter>
    </ClCompile>
    <ClCompile Include="main\AtumFieldDBManager.cpp">
      <Filter>Source Files</Filter>
    </ClCompile>
    <ClCompile Include="..\CommonGameServer\AtumLogSender.cpp">
      <Filter>Source Files</Filter>
    </ClCompile>
    <ClCompile Include="..\CommonGameServer\AtumParamProtocol.cpp">
      <Filter>Source Files</Filter>
    </ClCompile>
    <ClCompile Include="..\CommonGameServer\AtumParamProtocolFunctions.cpp">
      <Filter>Source Files</Filter>
    </ClCompile>
    <ClCompile Include="..\CommonGameServer\AtumSJ.cpp">
      <Filter>Source Files</Filter>
    </ClCompile>
    <ClCompile Include="..\CommonGameServer\AtumThread.cpp">
      <Filter>Source Files</Filter>
    </ClCompile>
    <ClCompile Include="Main\BazaarManager.cpp">
      <Filter>Source Files</Filter>
    </ClCompile>
    <ClCompile Include="BillCrux_BillingLib.cpp">
      <Filter>Source Files</Filter>
    </ClCompile>
    <ClCompile Include="..\CommonGameServer\Billing_Yetime_Chn.cpp">
      <Filter>Source Files</Filter>
    </ClCompile>
    <ClCompile Include="Main\BunchCountableItemCount.cpp">
      <Filter>Source Files</Filter>
    </ClCompile>
    <ClCompile Include="Main\CallWarpEventManager.cpp">
      <Filter>Source Files</Filter>
    </ClCompile>
    <ClCompile Include="..\CommonGameServer\ChatBlockManager.cpp">
      <Filter>Source Files</Filter>
    </ClCompile>
    <ClCompile Include="Cinema.cpp">
      <Filter>Source Files</Filter>
    </ClCompile>
    <ClCompile Include="CityLeader.cpp">
      <Filter>Source Files</Filter>
    </ClCompile>
    <ClCompile Include="Main\CityWar.cpp">
      <Filter>Source Files</Filter>
    </ClCompile>
    <ClCompile Include="Main\CityWarManager.cpp">
      <Filter>Source Files</Filter>
    </ClCompile>
    <ClCompile Include="..\CommonGameServer\Config.cpp">
      <Filter>Source Files</Filter>
    </ClCompile>
    <ClCompile Include="..\CommonGameServer\CountdownChecker.cpp">
      <Filter>Source Files</Filter>
    </ClCompile>
    <ClCompile Include="Main\CouponManager.cpp">
      <Filter>Source Files</Filter>
    </ClCompile>
    <ClCompile Include="..\CommonGameServer\Debuff.cpp">
      <Filter>Source Files</Filter>
    </ClCompile>
    <ClCompile Include="DissolutionItemmanager.cpp">
      <Filter>Source Files</Filter>
    </ClCompile>
    <ClCompile Include="..\CommonGameServer\Dot.cpp">
      <Filter>Source Files</Filter>
    </ClCompile>
    <ClCompile Include="Main\DropItemManager.cpp">
      <Filter>Source Files</Filter>
    </ClCompile>
    <ClCompile Include="Main\EXPDivisionManager.cpp">
      <Filter>Source Files</Filter>
    </ClCompile>
    <ClCompile Include="Main\FieldCharacterQuest.cpp">
      <Filter>Source Files</Filter>
    </ClCompile>
    <ClCompile Include="Main\FieldDataManager.cpp">
      <Filter>Source Files</Filter>
    </ClCompile>
    <ClCompile Include="FieldDebuff.cpp">
      <Filter>Source Files</Filter>
    </ClCompile>
    <ClCompile Include="FieldDot.cpp">
      <Filter>Source Files</Filter>
    </ClCompile>
    <ClCompile Include="Main\FieldGlobal.cpp">
      <Filter>Source Files</Filter>
    </ClCompile>
    <ClCompile Include="main\FieldIOCP.cpp">
      <Filter>Source Files</Filter>
    </ClCompile>
    <ClCompile Include="main\FieldIOCPSocket.cpp">
      <Filter>Source Files</Filter>
    </ClCompile>
    <ClCompile Include="Main\FieldIOCPSocket2.cpp">
      <Filter>Source Files</Filter>
    </ClCompile>
    <ClCompile Include="Main\FieldItemManager.cpp">
      <Filter>Source Files</Filter>
    </ClCompile>
    <ClCompile Include="Main\FieldMapChannel.cpp">
      <Filter>Source Files</Filter>
    </ClCompile>
    <ClCompile Include="main\FieldMapProject.cpp">
      <Filter>Source Files</Filter>
    </ClCompile>
    <ClCompile Include="main\FieldMapWorkspace.cpp">
      <Filter>Source Files</Filter>
    </ClCompile>
    <ClCompile Include="Main\FieldMonster.cpp">
      <Filter>Source Files</Filter>
    </ClCompile>
    <ClCompile Include="Main\FieldODBC.cpp">
      <Filter>Source Files</Filter>
    </ClCompile>
    <ClCompile Include="Main\FieldParty.cpp">
      <Filter>Source Files</Filter>
    </ClCompile>
    <ClCompile Include="FieldServer.cpp">
      <Filter>Source Files</Filter>
    </ClCompile>
    <ClCompile Include="Main\FieldSkillManager.cpp">
      <Filter>Source Files</Filter>
    </ClCompile>
    <ClCompile Include="Main\FieldTickManager.cpp">
      <Filter>Source Files</Filter>
    </ClCompile>
    <ClCompile Include="Main\FieldTimerManager.cpp">
      <Filter>Source Files</Filter>
    </ClCompile>
    <ClCompile Include="..\CommonGameServer\GameDataLast.cpp">
      <Filter>Source Files</Filter>
    </ClCompile>
    <ClCompile Include="Main\GameEventManager.cpp">
      <Filter>Source Files</Filter>
    </ClCompile>
    <ClCompile Include="Main\GeneralRequestHandler.cpp">
      <Filter>Source Files</Filter>
    </ClCompile>
    <ClCompile Include="..\CommonGameServer\GenericHTTPClient.cpp">
      <Filter>Source Files</Filter>
    </ClCompile>
    <ClCompile Include="GiveItemManager.cpp">
      <Filter>Source Files</Filter>
    </ClCompile>
    <ClCompile Include="..\..\Common\Global.cpp">
      <Filter>Source Files</Filter>
    </ClCompile>
    <ClCompile Include="..\..\Common\GlobalFunc.cpp">
      <Filter>Source Files</Filter>
    </ClCompile>
    <ClCompile Include="..\CommonGameServer\GlobalGameServer.cpp">
      <Filter>Source Files</Filter>
    </ClCompile>
    <ClCompile Include="GuildDamageManager.cpp">
      <Filter>Source Files</Filter>
    </ClCompile>
    <ClCompile Include="GuildItemManager.cpp">
      <Filter>Source Files</Filter>
    </ClCompile>
    <ClCompile Include="Main\GuildWar.cpp">
      <Filter>Source Files</Filter>
    </ClCompile>
    <ClCompile Include="Main\HappyHourEventManager.cpp">
      <Filter>Source Files</Filter>
    </ClCompile>
    <ClCompile Include="main\IMWinSocket.cpp">
      <Filter>Source Files</Filter>
    </ClCompile>
    <ClCompile Include="InfinityBase.cpp">
      <Filter>Source Files</Filter>
    </ClCompile>
    <ClCompile Include="InfinityBossrush.cpp">
      <Filter>Source Files</Filter>
    </ClCompile>
    <ClCompile Include="InfinityDefence.cpp">
      <Filter>Source Files</Filter>
    </ClCompile>
    <ClCompile Include="InfinityManager.cpp">
      <Filter>Source Files</Filter>
    </ClCompile>
    <ClCompile Include="InfinityMapManager.cpp">
      <Filter>Source Files</Filter>
    </ClCompile>
    <ClCompile Include="InfinityMShipBattle.cpp">
      <Filter>Source Files</Filter>
    </ClCompile>
    <ClCompile Include="InfinityTickManager.cpp">
      <Filter>Source Files</Filter>
    </ClCompile>
    <ClCompile Include="Main\InflRateManager.cpp">
      <Filter>Source Files</Filter>
    </ClCompile>
    <ClCompile Include="Main\InflWarManager.cpp">
      <Filter>Source Files</Filter>
    </ClCompile>
    <ClCompile Include="..\CommonGameServer\InnovaLibrary.cpp">
      <Filter>Source Files</Filter>
    </ClCompile>
    <ClCompile Include="InvokingItemInfo.cpp">
      <Filter>Source Files</Filter>
    </ClCompile>
    <ClCompile Include="InvokingItemManager.cpp">
      <Filter>Source Files</Filter>
    </ClCompile>
    <ClCompile Include="..\..\Common\IOCP.cpp">
      <Filter>Source Files</Filter>
    </ClCompile>
    <ClCompile Include="..\..\Common\IOCPSocket.cpp">
      <Filter>Source Files</Filter>
    </ClCompile>
    <ClCompile Include="LetterManager.cpp">
      <Filter>Source Files</Filter>
    </ClCompile>
    <ClCompile Include="..\CommonGameServer\LoadLibrary.cpp">
      <Filter>Source Files</Filter>
    </ClCompile>
    <ClCompile Include="..\CommonGameServer\Localization.cpp">
      <Filter>Source Files</Filter>
    </ClCompile>
    <ClCompile Include="Main\LogWinSocket.cpp">
      <Filter>Source Files</Filter>
    </ClCompile>
    <ClCompile Include="..\CommonGameServer\MapBlock.cpp">
      <Filter>Source Files</Filter>
    </ClCompile>
    <ClCompile Include="..\CommonGameServer\MapChannel.cpp">
      <Filter>Source Files</Filter>
    </ClCompile>
    <ClCompile Include="Main\MapOwnership.cpp">
      <Filter>Source Files</Filter>
    </ClCompile>
    <ClCompile Include="..\CommonGameServer\MapProject.cpp">
      <Filter>Source Files</Filter>
    </ClCompile>
    <ClCompile Include="..\CommonGameServer\MapWorkspace.cpp">
      <Filter>Source Files</Filter>
    </ClCompile>
    <ClCompile Include="..\..\Common\md5_lib_src.cpp">
      <Filter>Source Files</Filter>
    </ClCompile>
    <ClCompile Include="..\CommonGameServer\Monster.cpp">
      <Filter>Source Files</Filter>
    </ClCompile>
    <ClCompile Include="..\CommonGameServer\MonsterDBAccess.cpp">
      <Filter>Source Files</Filter>
    </ClCompile>
    <ClCompile Include="..\..\Common\MTAutoCriticalSection.cpp">
      <Filter>Source Files</Filter>
    </ClCompile>
    <ClCompile Include="..\..\Common\MTCriticalSection.cpp">
      <Filter>Source Files</Filter>
    </ClCompile>
    <ClCompile Include="..\CommonGameServer\NPCScripts.cpp">
      <Filter>Source Files</Filter>
    </ClCompile>
    <ClCompile Include="..\CommonGameServer\ODBCStatement.cpp">
      <Filter>Source Files</Filter>
    </ClCompile>
    <ClCompile Include="OutPost.cpp">
      <Filter>Source Files</Filter>
    </ClCompile>
    <ClCompile Include="OutPostManager.cpp">
      <Filter>Source Files</Filter>
    </ClCompile>
    <ClCompile Include="..\..\Common\Overlapped.cpp">
      <Filter>Source Files</Filter>
    </ClCompile>
    <ClCompile Include="PCBangIPManager.cpp">
      <Filter>Source Files</Filter>
    </ClCompile>
    <ClCompile Include="PetDataManager.cpp">
      <Filter>Source Files</Filter>
    </ClCompile>
    <ClCompile Include="main\PreWinSocket.cpp">
      <Filter>Source Files</Filter>
    </ClCompile>
    <ClCompile Include="..\CommonGameServer\Quest.cpp">
      <Filter>Source Files</Filter>
    </ClCompile>
    <ClCompile Include="Main\QuestMatching.cpp">
      <Filter>Source Files</Filter>
    </ClCompile>
    <ClCompile Include="..\..\Common\QueueINT.cpp">
      <Filter>Source Files</Filter>
    </ClCompile>
    <ClCompile Include="Main\Racing.cpp">
      <Filter>Source Files</Filter>
    </ClCompile>
    <ClCompile Include="Main\RacingDemon.cpp">
      <Filter>Source Files</Filter>
    </ClCompile>
    <ClCompile Include="Revision.cpp">
      <Filter>Source Files</Filter>
    </ClCompile>
    <ClCompile Include="..\CommonGameServer\SecurityManager.cpp">
      <Filter>Source Files</Filter>
    </ClCompile>
    <ClCompile Include="Main\ServicePauseManager.cpp">
      <Filter>Source Files</Filter>
    </ClCompile>
    <ClCompile Include="..\..\Common\sha256.cpp">
      <Filter>Source Files</Filter>
    </ClCompile>
    <ClCompile Include="..\..\Common\SocketHeader.cpp">
      <Filter>Source Files</Filter>
    </ClCompile>
    <ClCompile Include="StdAfx.cpp">
      <Filter>Source Files</Filter>
    </ClCompile>
    <ClCompile Include="..\..\Common\SystemLogManager.cpp">
      <Filter>Source Files</Filter>
    </ClCompile>
    <ClCompile Include="..\..\Common\ThreadCheck.cpp">
      <Filter>Source Files</Filter>
    </ClCompile>
    <ClCompile Include="..\CommonGameServer\TickManager.cpp">
      <Filter>Source Files</Filter>
    </ClCompile>
    <ClCompile Include="..\CommonGameServer\UserVariable.cpp">
      <Filter>Source Files</Filter>
    </ClCompile>
    <ClCompile Include="..\..\Common\VMem.cpp">
      <Filter>Source Files</Filter>
    </ClCompile>
    <ClCompile Include="..\..\Common\VMemPool.cpp">
      <Filter>Source Files</Filter>
    </ClCompile>
    <ClCompile Include="WarContributionCalculation.cpp">
      <Filter>Source Files</Filter>
    </ClCompile>
    <ClCompile Include="..\CommonGameServer\WayPointManager.cpp">
      <Filter>Source Files</Filter>
    </ClCompile>
    <ClCompile Include="..\..\Common\WinPacket.cpp">
      <Filter>Source Files</Filter>
    </ClCompile>
    <ClCompile Include="..\..\Common\WinSocket.cpp">
      <Filter>Source Files</Filter>
    </ClCompile>
    <ClCompile Include="Main\WRankingFame.cpp">
      <Filter>Source Files</Filter>
    </ClCompile>
    <ClCompile Include="Main\WRankingFameManager.cpp">
      <Filter>Source Files</Filter>
    </ClCompile>
    <ClCompile Include="Main\WRankingLevel.cpp">
      <Filter>Source Files</Filter>
    </ClCompile>
    <ClCompile Include="Main\WRankingLevelManager.cpp">
      <Filter>Source Files</Filter>
    </ClCompile>
    <ClCompile Include="Main\WRankingManager.cpp">
      <Filter>Source Files</Filter>
    </ClCompile>
    <ClCompile Include="Main\WRankingPVP.cpp">
      <Filter>Source Files</Filter>
    </ClCompile>
    <ClCompile Include="Main\WRankingPVPManager.cpp">
      <Filter>Source Files</Filter>
    </ClCompile>
    <ClCompile Include="Main\WRankingServiceManager.cpp">
      <Filter>Source Files</Filter>
    </ClCompile>
    <ClCompile Include="..\..\Common\XOR_Lib.cpp">
      <Filter>Source Files</Filter>
    </ClCompile>
    <ClCompile Include="..\CommonGameServer\Security\XTrap4Server.cpp">
      <Filter>Source Files</Filter>
    </ClCompile>
    <ClCompile Include="..\CommonGameServer\Security\zwave_sdk_linker.cpp">
      <Filter>Source Files</Filter>
    </ClCompile>
  </ItemGroup>
  <ItemGroup>
    <ResourceCompile Include="FieldServer.rc">
      <Filter>Source Files</Filter>
    </ResourceCompile>
  </ItemGroup>
  <ItemGroup>
    <ClInclude Include="AllGuildItemManager.h">
      <Filter>Header Files</Filter>
    </ClInclude>
    <ClInclude Include="..\CommonGameServer\Security\ApexProxy.h">
      <Filter>Header Files</Filter>
    </ClInclude>
    <ClInclude Include="ArenaDeathMatchRoom.h">
      <Filter>Header Files</Filter>
    </ClInclude>
    <ClInclude Include="ArenaFieldWinSocket.h">
      <Filter>Header Files</Filter>
    </ClInclude>
    <ClInclude Include="ArenaManager.h">
      <Filter>Header Files</Filter>
    </ClInclude>
    <ClInclude Include="ArenaTeam.h">
      <Filter>Header Files</Filter>
    </ClInclude>
    <ClInclude Include="ArenaTickManager.h">
      <Filter>Header Files</Filter>
    </ClInclude>
    <ClInclude Include="..\CommonGameServer\AtumDataLoader.h">
      <Filter>Header Files</Filter>
    </ClInclude>
    <ClInclude Include="..\CommonGameServer\AtumDateTime.h">
      <Filter>Header Files</Filter>
    </ClInclude>
    <ClInclude Include="..\CommonGameServer\AtumDBHelper.h">
      <Filter>Header Files</Filter>
    </ClInclude>
    <ClInclude Include="..\CommonGameServer\AtumDBManager.h">
      <Filter>Header Files</Filter>
    </ClInclude>
    <ClInclude Include="..\CommonGameServer\AtumError.h">
      <Filter>Header Files</Filter>
    </ClInclude>
    <ClInclude Include="main\AtumFieldDBManager.h">
      <Filter>Header Files</Filter>
    </ClInclude>
    <ClInclude Include="..\CommonGameServer\AtumLogSender.h">
      <Filter>Header Files</Filter>
    </ClInclude>
    <ClInclude Include="..\CommonGameServer\AtumParam.h">
      <Filter>Header Files</Filter>
    </ClInclude>
    <ClInclude Include="..\CommonGameServer\AtumProtocol.h">
      <Filter>Header Files</Filter>
    </ClInclude>
    <ClInclude Include="..\CommonGameServer\AtumSJ.h">
      <Filter>Header Files</Filter>
    </ClInclude>
    <ClInclude Include="..\CommonGameServer\AtumThread.h">
      <Filter>Header Files</Filter>
    </ClInclude>
    <ClInclude Include="..\CommonGameServer\AtumTime.h">
      <Filter>Header Files</Filter>
    </ClInclude>
    <ClInclude Include="Main\BazaarManager.h">
      <Filter>Header Files</Filter>
    </ClInclude>
    <ClInclude Include="BillCrux_BillingLib.h">
      <Filter>Header Files</Filter>
    </ClInclude>
    <ClInclude Include="..\CommonGameServer\Billing_Yetime_Chn.h">
      <Filter>Header Files</Filter>
    </ClInclude>
    <ClInclude Include="Main\BunchCountableItemCount.h">
      <Filter>Header Files</Filter>
    </ClInclude>
    <ClInclude Include="Main\CallWarpEventManager.h">
      <Filter>Header Files</Filter>
    </ClInclude>
    <ClInclude Include="..\CommonGameServer\ChatBlockManager.h">
      <Filter>Header Files</Filter>
    </ClInclude>
    <ClInclude Include="Cinema.h">
      <Filter>Header Files</Filter>
    </ClInclude>
    <ClInclude Include="CityLeader.h">
      <Filter>Header Files</Filter>
    </ClInclude>
    <ClInclude Include="Main\CityWar.h">
      <Filter>Header Files</Filter>
    </ClInclude>
    <ClInclude Include="Main\CityWarManager.h">
      <Filter>Header Files</Filter>
    </ClInclude>
    <ClInclude Include="..\CommonGameServer\Config.h">
      <Filter>Header Files</Filter>
    </ClInclude>
    <ClInclude Include="..\CommonGameServer\CountdownChecker.h">
      <Filter>Header Files</Filter>
    </ClInclude>
    <ClInclude Include="Main\CouponManager.h">
      <Filter>Header Files</Filter>
    </ClInclude>
    <ClInclude Include="..\CommonGameServer\Debuff.h">
      <Filter>Header Files</Filter>
    </ClInclude>
    <ClInclude Include="..\..\Common\DefineGlobal.h">
      <Filter>Header Files</Filter>
    </ClInclude>
    <ClInclude Include="DissolutionItemmanager.h">
      <Filter>Header Files</Filter>
    </ClInclude>
    <ClInclude Include="..\CommonGameServer\Dot.h">
      <Filter>Header Files</Filter>
    </ClInclude>
    <ClInclude Include="Main\DropItemManager.h">
      <Filter>Header Files</Filter>
    </ClInclude>
    <ClInclude Include="Main\EXPDivisionManager.h">
      <Filter>Header Files</Filter>
    </ClInclude>
    <ClInclude Include="Main\FieldCharacterQuest.h">
      <Filter>Header Files</Filter>
    </ClInclude>
    <ClInclude Include="Main\FieldDataManager.h">
      <Filter>Header Files</Filter>
    </ClInclude>
    <ClInclude Include="FieldDebuff.h">
      <Filter>Header Files</Filter>
    </ClInclude>
    <ClInclude Include="FieldDot.h">
      <Filter>Header Files</Filter>
    </ClInclude>
    <ClInclude Include="Main\FieldGlobal.h">
      <Filter>Header Files</Filter>
    </ClInclude>
    <ClInclude Include="main\FieldIOCP.h">
      <Filter>Header Files</Filter>
    </ClInclude>
    <ClInclude Include="main\FieldIOCPSocket.h">
      <Filter>Header Files</Filter>
    </ClInclude>
    <ClInclude Include="Main\FieldItemManager.h">
      <Filter>Header Files</Filter>
    </ClInclude>
    <ClInclude Include="Main\FieldMapChannel.h">
      <Filter>Header Files</Filter>
    </ClInclude>
    <ClInclude Include="main\FieldMapProject.h">
      <Filter>Header Files</Filter>
    </ClInclude>
    <ClInclude Include="main\FieldMapWorkspace.h">
      <Filter>Header Files</Filter>
    </ClInclude>
    <ClInclude Include="Main\FieldMonster.h">
      <Filter>Header Files</Filter>
    </ClInclude>
    <ClInclude Include="Main\FieldODBC.h">
      <Filter>Header Files</Filter>
    </ClInclude>
    <ClInclude Include="Main\FieldParty.h">
      <Filter>Header Files</Filter>
    </ClInclude>
    <ClInclude Include="FieldServer.h">
      <Filter>Header Files</Filter>
    </ClInclude>
    <ClInclude Include="Main\FieldSkillManager.h">
      <Filter>Header Files</Filter>
    </ClInclude>
    <ClInclude Include="Main\FieldTickManager.h">
      <Filter>Header Files</Filter>
    </ClInclude>
    <ClInclude Include="Main\FieldTimerManager.h">
      <Filter>Header Files</Filter>
    </ClInclude>
    <ClInclude Include="..\CommonGameServer\GameDataLast.h">
      <Filter>Header Files</Filter>
    </ClInclude>
    <ClInclude Include="Main\GameEventManager.h">
      <Filter>Header Files</Filter>
    </ClInclude>
    <ClInclude Include="Main\GeneralRequestHandler.h">
      <Filter>Header Files</Filter>
    </ClInclude>
    <ClInclude Include="GiveItemManager.h">
      <Filter>Header Files</Filter>
    </ClInclude>
    <ClInclude Include="..\CommonGameServer\GlobalGameServer.h">
      <Filter>Header Files</Filter>
    </ClInclude>
    <ClInclude Include="GuildDamageManager.h">
      <Filter>Header Files</Filter>
    </ClInclude>
    <ClInclude Include="GuildItemManager.h">
      <Filter>Header Files</Filter>
    </ClInclude>
    <ClInclude Include="Main\GuildWar.h">
      <Filter>Header Files</Filter>
    </ClInclude>
    <ClInclude Include="Main\HappyHourEventManager.h">
      <Filter>Header Files</Filter>
    </ClInclude>
    <ClInclude Include="main\IMWinSocket.h">
      <Filter>Header Files</Filter>
    </ClInclude>
    <ClInclude Include="InfinityBase.h">
      <Filter>Header Files</Filter>
    </ClInclude>
    <ClInclude Include="InfinityBossrush.h">
      <Filter>Header Files</Filter>
    </ClInclude>
    <ClInclude Include="InfinityDefence.h">
      <Filter>Header Files</Filter>
    </ClInclude>
    <ClInclude Include="InfinityManager.h">
      <Filter>Header Files</Filter>
    </ClInclude>
    <ClInclude Include="InfinityMapManager.h">
      <Filter>Header Files</Filter>
    </ClInclude>
    <ClInclude Include="InfinityMShipBattle.h">
      <Filter>Header Files</Filter>
    </ClInclude>
    <ClInclude Include="InfinityTickManager.h">
      <Filter>Header Files</Filter>
    </ClInclude>
    <ClInclude Include="Main\InflRateManager.h">
      <Filter>Header Files</Filter>
    </ClInclude>
    <ClInclude Include="Main\InflWarManager.h">
      <Filter>Header Files</Filter>
    </ClInclude>
    <ClInclude Include="InvokingItemInfo.h">
      <Filter>Header Files</Filter>
    </ClInclude>
    <ClInclude Include="InvokingItemManager.h">
      <Filter>Header Files</Filter>
    </ClInclude>
    <ClInclude Include="..\..\Common\IOCP.h">
      <Filter>Header Files</Filter>
    </ClInclude>
    <ClInclude Include="LetterManager.h">
      <Filter>Header Files</Filter>
    </ClInclude>
    <ClInclude Include="..\CommonGameServer\Localization.h">
      <Filter>Header Files</Filter>
    </ClInclude>
    <ClInclude Include="Main\LogWinSocket.h">
      <Filter>Header Files</Filter>
    </ClInclude>
    <ClInclude Include="Main\MallAgentConnect.h">
      <Filter>Header Files</Filter>
    </ClInclude>
    <ClInclude Include="..\CommonGameServer\MapBlock.h">
      <Filter>Header Files</Filter>
    </ClInclude>
    <ClInclude Include="..\CommonGameServer\MapChannel.h">
      <Filter>Header Files</Filter>
    </ClInclude>
    <ClInclude Include="Main\MapOwnership.h">
      <Filter>Header Files</Filter>
    </ClInclude>
    <ClInclude Include="..\CommonGameServer\MapProject.h">
      <Filter>Header Files</Filter>
    </ClInclude>
    <ClInclude Include="..\CommonGameServer\MapWorkspace.h">
      <Filter>Header Files</Filter>
    </ClInclude>
    <ClInclude Include="..\CommonGameServer\Monster.h">
      <Filter>Header Files</Filter>
    </ClInclude>
    <ClInclude Include="..\CommonGameServer\MonsterDBAccess.h">
      <Filter>Header Files</Filter>
    </ClInclude>
    <ClInclude Include="..\..\Common\mt_stl.h">
      <Filter>Header Files</Filter>
    </ClInclude>
    <ClInclude Include="..\..\Common\MTAutoCriticalSection.h">
      <Filter>Header Files</Filter>
    </ClInclude>
    <ClInclude Include="..\..\Common\MTCriticalSection.h">
      <Filter>Header Files</Filter>
    </ClInclude>
    <ClInclude Include="..\CommonGameServer\ODBCStatement.h">
      <Filter>Header Files</Filter>
    </ClInclude>
    <ClInclude Include="OutPost.h">
      <Filter>Header Files</Filter>
    </ClInclude>
    <ClInclude Include="OutPostManager.h">
      <Filter>Header Files</Filter>
    </ClInclude>
    <ClInclude Include="PCBangIPManager.h">
      <Filter>Header Files</Filter>
    </ClInclude>
    <ClInclude Include="PetDataManager.h">
      <Filter>Header Files</Filter>
    </ClInclude>
    <ClInclude Include="main\PreWinSocket.h">
      <Filter>Header Files</Filter>
    </ClInclude>
    <ClInclude Include="..\CommonGameServer\Quest.h">
      <Filter>Header Files</Filter>
    </ClInclude>
    <ClInclude Include="..\CommonGameServer\QuestLoaderParser.h">
      <Filter>Header Files</Filter>
    </ClInclude>
    <ClInclude Include="Main\QuestMatching.h">
      <Filter>Header Files</Filter>
    </ClInclude>
    <ClInclude Include="..\..\Common\QueueINT.h">
      <Filter>Header Files</Filter>
    </ClInclude>
    <ClInclude Include="Main\Racing.h">
      <Filter>Header Files</Filter>
    </ClInclude>
    <ClInclude Include="Main\RacingDemon.h">
      <Filter>Header Files</Filter>
    </ClInclude>
    <ClInclude Include="resource.h">
      <Filter>Header Files</Filter>
    </ClInclude>
    <ClInclude Include="Revision.h">
      <Filter>Header Files</Filter>
    </ClInclude>
    <ClInclude Include="..\CommonGameServer\SecurityManager.h">
      <Filter>Header Files</Filter>
    </ClInclude>
    <ClInclude Include="Main\ServicePauseManager.h">
      <Filter>Header Files</Filter>
    </ClInclude>
    <ClInclude Include="..\..\Common\sha256.h">
      <Filter>Header Files</Filter>
    </ClInclude>
    <ClInclude Include="StdAfx.h">
      <Filter>Header Files</Filter>
    </ClInclude>
    <ClInclude Include="..\CommonGameServer\StringDefineSecurityCommand.h">
      <Filter>Header Files</Filter>
    </ClInclude>
    <ClInclude Include="..\..\Common\SystemLogManager.h">
      <Filter>Header Files</Filter>
    </ClInclude>
    <ClInclude Include="..\CommonGameServer\TickManager.h">
      <Filter>Header Files</Filter>
    </ClInclude>
    <ClInclude Include="..\CommonGameServer\UserVariable.h">
      <Filter>Header Files</Filter>
    </ClInclude>
    <ClInclude Include="..\..\Common\VMem.h">
      <Filter>Header Files</Filter>
    </ClInclude>
    <ClInclude Include="..\..\Common\VMemPool.h">
      <Filter>Header Files</Filter>
    </ClInclude>
    <ClInclude Include="WarContributionCalculation.h">
      <Filter>Header Files</Filter>
    </ClInclude>
    <ClInclude Include="..\CommonGameServer\WayPointManager.h">
      <Filter>Header Files</Filter>
    </ClInclude>
    <ClInclude Include="..\..\Common\WinPacket.h">
      <Filter>Header Files</Filter>
    </ClInclude>
    <ClInclude Include="..\..\Common\WinSocket.h">
      <Filter>Header Files</Filter>
    </ClInclude>
    <ClInclude Include="Main\WRankingFame.h">
      <Filter>Header Files</Filter>
    </ClInclude>
    <ClInclude Include="Main\WRankingFameManager.h">
      <Filter>Header Files</Filter>
    </ClInclude>
    <ClInclude Include="Main\WRankingLevel.h">
      <Filter>Header Files</Filter>
    </ClInclude>
    <ClInclude Include="Main\WRankingLevelManager.h">
      <Filter>Header Files</Filter>
    </ClInclude>
    <ClInclude Include="Main\WRankingManager.h">
      <Filter>Header Files</Filter>
    </ClInclude>
    <ClInclude Include="Main\WRankingPVP.h">
      <Filter>Header Files</Filter>
    </ClInclude>
    <ClInclude Include="Main\WRankingPVPManager.h">
      <Filter>Header Files</Filter>
    </ClInclude>
    <ClInclude Include="Main\WRankingServiceManager.h">
      <Filter>Header Files</Filter>
    </ClInclude>
  </ItemGroup>
  <ItemGroup>
    <Image Include="FieldServer.ico">
      <Filter>Resource Files</Filter>
    </Image>
    <Image Include="small.ico">
      <Filter>Resource Files</Filter>
    </Image>
  </ItemGroup>
  <ItemGroup>
    <Text Include="FieldServerModifyList.txt" />
    <Text Include="ReadMe.txt" />
  </ItemGroup>
</Project>