<?xml version="1.0" encoding="utf-8"?>
<Project ToolsVersion="4.0" xmlns="http://schemas.microsoft.com/developer/msbuild/2003">
  <ItemGroup>
    <Filter Include="Source Files">
      <UniqueIdentifier>{2aef0c63-d99d-4ee6-9401-46c4bac4002d}</UniqueIdentifier>
      <Extensions>cpp;c;cxx;rc;def;r;odl;idl;hpj;bat</Extensions>
    </Filter>
    <Filter Include="Header Files">
      <UniqueIdentifier>{9d16f269-39c1-4e46-967f-bfda6612d3d2}</UniqueIdentifier>
      <Extensions>h;hpp;hxx;hm;inl</Extensions>
    </Filter>
  </ItemGroup>
  <ItemGroup>
    <ClCompile Include="..\QuestLoader\QuestLoader.cpp">
      <Filter>Source Files</Filter>
    </ClCompile>
    <ClCompile Include="..\QuestLoader\QuestLoader.l.cpp">
      <Filter>Source Files</Filter>
    </ClCompile>
    <ClCompile Include="..\QuestLoader\QuestLoaderParser.cpp">
      <Filter>Source Files</Filter>
    </ClCompile>
  </ItemGroup>
  <ItemGroup>
    <ClInclude Include="..\QuestLoader\QuestLoader.cpp.h">
      <Filter>Header Files</Filter>
    </ClInclude>
    <ClInclude Include="..\CommonGameServer\QuestLoaderParser.h">
      <Filter>Header Files</Filter>
    </ClInclude>
  </ItemGroup>
</Project>